
Microsoft Visual Studio Solution File, Format Version 12.00
# Visual Studio Version 16
VisualStudioVersion = 16.0.33214.272
MinimumVisualStudioVersion = 10.0.40219.1
Project("{FAE04EC0-301F-11D3-BF4B-00C04F79EFBC}") = "Lesson 12.1", "Lesson 12.1\Lesson 12.1.csproj", "{FD83776C-1E7F-4142-8EDE-22A8C34AA19D}"
EndProject
Global
	GlobalSection(SolutionConfigurationPlatforms) = preSolution
		Debug|Any CPU = Debug|Any CPU
		Release|Any CPU = Release|Any CPU
	EndGlobalSection
	GlobalSection(ProjectConfigurationPlatforms) = postSolution
		{FD83776C-1E7F-4142-8EDE-22A8C34AA19D}.Debug|Any CPU.ActiveCfg = Debug|Any CPU
		{FD83776C-1E7F-4142-8EDE-22A8C34AA19D}.Debug|Any CPU.Build.0 = Debug|Any CPU
		{FD83776C-1E7F-4142-8EDE-22A8C34AA19D}.Release|Any CPU.ActiveCfg = Release|Any CPU
		{FD83776C-1E7F-4142-8EDE-22A8C34AA19D}.Release|Any CPU.Build.0 = Release|Any CPU
	EndGlobalSection
	GlobalSection(SolutionProperties) = preSolution
		HideSolutionNode = FALSE
	EndGlobalSection
	GlobalSection(ExtensibilityGlobals) = postSolution
		SolutionGuid = {42F18186-51D0-4A10-AA23-3EC6F8BCF463}
	EndGlobalSection
EndGlobal
